// !$*UTF8*$!
{
	archiveVersion = 1;
	classes = {
	};
	objectVersion = 50;
	objects = {

/* Begin PBXBuildFile section */
		9126B3EC22CB57970073E583 /* dot.png in Resources */ = {isa = PBXBuildFile; fileRef = 9126B3E422CB57970073E583 /* dot.png */; };
		9126B3ED22CB57970073E583 /* playstore-icon.jpg in Resources */ = {isa = PBXBuildFile; fileRef = 9126B3E522CB57970073E583 /* playstore-icon.jpg */; };
		9126B3EE22CB57970073E583 /* logo_large_alt.png in Resources */ = {isa = PBXBuildFile; fileRef = 9126B3E622CB57970073E583 /* logo_large_alt.png */; };
		9126B3EF22CB57970073E583 /* a.png in Resources */ = {isa = PBXBuildFile; fileRef = 9126B3E722CB57970073E583 /* a.png */; };
		9126B3F022CB57970073E583 /* psi.png in Resources */ = {isa = PBXBuildFile; fileRef = 9126B3E822CB57970073E583 /* psi.png */; };
		9126B3F122CB57970073E583 /* none.png in Resources */ = {isa = PBXBuildFile; fileRef = 9126B3E922CB57970073E583 /* none.png */; };
		9126B3F222CB57970073E583 /* xi.png in Resources */ = {isa = PBXBuildFile; fileRef = 9126B3EA22CB57970073E583 /* xi.png */; };
		9126B3F322CB57970073E583 /* e.png in Resources */ = {isa = PBXBuildFile; fileRef = 9126B3EB22CB57970073E583 /* e.png */; };
		9126B40422CB57BC0073E583 /* Icon-App-20x20@3x.png in Resources */ = {isa = PBXBuildFile; fileRef = 9126B3F522CB57BB0073E583 /* Icon-App-20x20@3x.png */; };
		9126B40522CB57BC0073E583 /* Icon-App-40x40@1x.png in Resources */ = {isa = PBXBuildFile; fileRef = 9126B3F622CB57BB0073E583 /* Icon-App-40x40@1x.png */; };
		9126B40622CB57BC0073E583 /* Icon-App-20x20@1x.png in Resources */ = {isa = PBXBuildFile; fileRef = 9126B3F722CB57BB0073E583 /* Icon-App-20x20@1x.png */; };
		9126B40722CB57BC0073E583 /* Icon-App-29x29@2x.png in Resources */ = {isa = PBXBuildFile; fileRef = 9126B3F822CB57BB0073E583 /* Icon-App-29x29@2x.png */; };
		9126B40822CB57BC0073E583 /* Icon-App-40x40@3x.png in Resources */ = {isa = PBXBuildFile; fileRef = 9126B3F922CB57BB0073E583 /* Icon-App-40x40@3x.png */; };
		9126B40922CB57BC0073E583 /* Icon-App-76x76@1x.png in Resources */ = {isa = PBXBuildFile; fileRef = 9126B3FA22CB57BB0073E583 /* Icon-App-76x76@1x.png */; };
		9126B40A22CB57BC0073E583 /* Icon-App-60x60@3x.png in Resources */ = {isa = PBXBuildFile; fileRef = 9126B3FB22CB57BB0073E583 /* Icon-App-60x60@3x.png */; };
		9126B40B22CB57BC0073E583 /* Icon-App-76x76@2x.png in Resources */ = {isa = PBXBuildFile; fileRef = 9126B3FC22CB57BB0073E583 /* Icon-App-76x76@2x.png */; };
		9126B40C22CB57BC0073E583 /* Icon-App-83.5x83.5@2x.png in Resources */ = {isa = PBXBuildFile; fileRef = 9126B3FD22CB57BB0073E583 /* Icon-App-83.5x83.5@2x.png */; };
		9126B40D22CB57BC0073E583 /* Icon-App-29x29@3x.png in Resources */ = {isa = PBXBuildFile; fileRef = 9126B3FE22CB57BB0073E583 /* Icon-App-29x29@3x.png */; };
		9126B40E22CB57BC0073E583 /* Icon-App-20x20@2x.png in Resources */ = {isa = PBXBuildFile; fileRef = 9126B3FF22CB57BB0073E583 /* Icon-App-20x20@2x.png */; };
		9126B40F22CB57BC0073E583 /* Icon-App-40x40@2x.png in Resources */ = {isa = PBXBuildFile; fileRef = 9126B40022CB57BC0073E583 /* Icon-App-40x40@2x.png */; };
		9126B41022CB57BC0073E583 /* Icon-App-29x29@1x.png in Resources */ = {isa = PBXBuildFile; fileRef = 9126B40122CB57BC0073E583 /* Icon-App-29x29@1x.png */; };
		9126B41122CB57BC0073E583 /* Icon-App-60x60@2x.png in Resources */ = {isa = PBXBuildFile; fileRef = 9126B40222CB57BC0073E583 /* Icon-App-60x60@2x.png */; };
		9126B41222CB57BC0073E583 /* iTunesArtwork@2x.png in Resources */ = {isa = PBXBuildFile; fileRef = 9126B40322CB57BC0073E583 /* iTunesArtwork@2x.png */; };
		9178030522CB554100337618 /* AppDelegate.swift in Sources */ = {isa = PBXBuildFile; fileRef = 9178030422CB554100337618 /* AppDelegate.swift */; };
		9178030722CB554100337618 /* GameScene.sks in Resources */ = {isa = PBXBuildFile; fileRef = 9178030622CB554100337618 /* GameScene.sks */; };
		9178030922CB554100337618 /* Actions.sks in Resources */ = {isa = PBXBuildFile; fileRef = 9178030822CB554100337618 /* Actions.sks */; };
		9178030B22CB554100337618 /* GameScene.swift in Sources */ = {isa = PBXBuildFile; fileRef = 9178030A22CB554100337618 /* GameScene.swift */; };
		9178030D22CB554100337618 /* GameViewController.swift in Sources */ = {isa = PBXBuildFile; fileRef = 9178030C22CB554100337618 /* GameViewController.swift */; };
		9178031022CB554100337618 /* Main.storyboard in Resources */ = {isa = PBXBuildFile; fileRef = 9178030E22CB554100337618 /* Main.storyboard */; };
		9178031222CB554300337618 /* Assets.xcassets in Resources */ = {isa = PBXBuildFile; fileRef = 9178031122CB554300337618 /* Assets.xcassets */; };
		9178031522CB554300337618 /* LaunchScreen.storyboard in Resources */ = {isa = PBXBuildFile; fileRef = 9178031322CB554300337618 /* LaunchScreen.storyboard */; };
/* End PBXBuildFile section */

/* Begin PBXFileReference section */
		9126B3E422CB57970073E583 /* dot.png */ = {isa = PBXFileReference; lastKnownFileType = image.png; path = dot.png; sourceTree = "<group>"; };
		9126B3E522CB57970073E583 /* playstore-icon.jpg */ = {isa = PBXFileReference; lastKnownFileType = image.jpeg; path = "playstore-icon.jpg"; sourceTree = "<group>"; };
		9126B3E622CB57970073E583 /* logo_large_alt.png */ = {isa = PBXFileReference; lastKnownFileType = image.png; path = logo_large_alt.png; sourceTree = "<group>"; };
		9126B3E722CB57970073E583 /* a.png */ = {isa = PBXFileReference; lastKnownFileType = image.png; path = a.png; sourceTree = "<group>"; };
		9126B3E822CB57970073E583 /* psi.png */ = {isa = PBXFileReference; lastKnownFileType = image.png; path = psi.png; sourceTree = "<group>"; };
		9126B3E922CB57970073E583 /* none.png */ = {isa = PBXFileReference; lastKnownFileType = image.png; path = none.png; sourceTree = "<group>"; };
		9126B3EA22CB57970073E583 /* xi.png */ = {isa = PBXFileReference; lastKnownFileType = image.png; path = xi.png; sourceTree = "<group>"; };
		9126B3EB22CB57970073E583 /* e.png */ = {isa = PBXFileReference; lastKnownFileType = image.png; path = e.png; sourceTree = "<group>"; };
		9126B3F522CB57BB0073E583 /* Icon-App-20x20@3x.png */ = {isa = PBXFileReference; lastKnownFileType = image.png; path = "Icon-App-20x20@3x.png"; sourceTree = "<group>"; };
		9126B3F622CB57BB0073E583 /* Icon-App-40x40@1x.png */ = {isa = PBXFileReference; lastKnownFileType = image.png; path = "Icon-App-40x40@1x.png"; sourceTree = "<group>"; };
		9126B3F722CB57BB0073E583 /* Icon-App-20x20@1x.png */ = {isa = PBXFileReference; lastKnownFileType = image.png; path = "Icon-App-20x20@1x.png"; sourceTree = "<group>"; };
		9126B3F822CB57BB0073E583 /* Icon-App-29x29@2x.png */ = {isa = PBXFileReference; lastKnownFileType = image.png; path = "Icon-App-29x29@2x.png"; sourceTree = "<group>"; };
		9126B3F922CB57BB0073E583 /* Icon-App-40x40@3x.png */ = {isa = PBXFileReference; lastKnownFileType = image.png; path = "Icon-App-40x40@3x.png"; sourceTree = "<group>"; };
		9126B3FA22CB57BB0073E583 /* Icon-App-76x76@1x.png */ = {isa = PBXFileReference; lastKnownFileType = image.png; path = "Icon-App-76x76@1x.png"; sourceTree = "<group>"; };
		9126B3FB22CB57BB0073E583 /* Icon-App-60x60@3x.png */ = {isa = PBXFileReference; lastKnownFileType = image.png; path = "Icon-App-60x60@3x.png"; sourceTree = "<group>"; };
		9126B3FC22CB57BB0073E583 /* Icon-App-76x76@2x.png */ = {isa = PBXFileReference; lastKnownFileType = image.png; path = "Icon-App-76x76@2x.png"; sourceTree = "<group>"; };
		9126B3FD22CB57BB0073E583 /* Icon-App-83.5x83.5@2x.png */ = {isa = PBXFileReference; lastKnownFileType = image.png; path = "Icon-App-83.5x83.5@2x.png"; sourceTree = "<group>"; };
		9126B3FE22CB57BB0073E583 /* Icon-App-29x29@3x.png */ = {isa = PBXFileReference; lastKnownFileType = image.png; path = "Icon-App-29x29@3x.png"; sourceTree = "<group>"; };
		9126B3FF22CB57BB0073E583 /* Icon-App-20x20@2x.png */ = {isa = PBXFileReference; lastKnownFileType = image.png; path = "Icon-App-20x20@2x.png"; sourceTree = "<group>"; };
		9126B40022CB57BC0073E583 /* Icon-App-40x40@2x.png */ = {isa = PBXFileReference; lastKnownFileType = image.png; path = "Icon-App-40x40@2x.png"; sourceTree = "<group>"; };
		9126B40122CB57BC0073E583 /* Icon-App-29x29@1x.png */ = {isa = PBXFileReference; lastKnownFileType = image.png; path = "Icon-App-29x29@1x.png"; sourceTree = "<group>"; };
		9126B40222CB57BC0073E583 /* Icon-App-60x60@2x.png */ = {isa = PBXFileReference; lastKnownFileType = image.png; path = "Icon-App-60x60@2x.png"; sourceTree = "<group>"; };
		9126B40322CB57BC0073E583 /* iTunesArtwork@2x.png */ = {isa = PBXFileReference; lastKnownFileType = image.png; path = "iTunesArtwork@2x.png"; sourceTree = "<group>"; };
		9178030122CB554100337618 /* Psakse.app */ = {isa = PBXFileReference; explicitFileType = wrapper.application; includeInIndex = 0; path = Psakse.app; sourceTree = BUILT_PRODUCTS_DIR; };
		9178030422CB554100337618 /* AppDelegate.swift */ = {isa = PBXFileReference; lastKnownFileType = sourcecode.swift; path = AppDelegate.swift; sourceTree = "<group>"; };
		9178030622CB554100337618 /* GameScene.sks */ = {isa = PBXFileReference; lastKnownFileType = file.sks; path = GameScene.sks; sourceTree = "<group>"; };
		9178030822CB554100337618 /* Actions.sks */ = {isa = PBXFileReference; lastKnownFileType = file.sks; path = Actions.sks; sourceTree = "<group>"; };
		9178030A22CB554100337618 /* GameScene.swift */ = {isa = PBXFileReference; lastKnownFileType = sourcecode.swift; path = GameScene.swift; sourceTree = "<group>"; };
		9178030C22CB554100337618 /* GameViewController.swift */ = {isa = PBXFileReference; lastKnownFileType = sourcecode.swift; path = GameViewController.swift; sourceTree = "<group>"; };
		9178030F22CB554100337618 /* Base */ = {isa = PBXFileReference; lastKnownFileType = file.storyboard; name = Base; path = Base.lproj/Main.storyboard; sourceTree = "<group>"; };
		9178031122CB554300337618 /* Assets.xcassets */ = {isa = PBXFileReference; lastKnownFileType = folder.assetcatalog; path = Assets.xcassets; sourceTree = "<group>"; };
		9178031422CB554300337618 /* Base */ = {isa = PBXFileReference; lastKnownFileType = file.storyboard; name = Base; path = Base.lproj/LaunchScreen.storyboard; sourceTree = "<group>"; };
		9178031622CB554300337618 /* Info.plist */ = {isa = PBXFileReference; lastKnownFileType = text.plist.xml; path = Info.plist; sourceTree = "<group>"; };
/* End PBXFileReference section */

/* Begin PBXFrameworksBuildPhase section */
		917802FE22CB554100337618 /* Frameworks */ = {
			isa = PBXFrameworksBuildPhase;
			buildActionMask = 2147483647;
			files = (
			);
			runOnlyForDeploymentPostprocessing = 0;
		};
/* End PBXFrameworksBuildPhase section */

/* Begin PBXGroup section */
		9126B3E322CB576A0073E583 /* Assets */ = {
			isa = PBXGroup;
			children = (
				9126B3F422CB57A20073E583 /* Icons */,
				9126B3E722CB57970073E583 /* a.png */,
				9126B3E422CB57970073E583 /* dot.png */,
				9126B3EB22CB57970073E583 /* e.png */,
				9126B3E622CB57970073E583 /* logo_large_alt.png */,
				9126B3E922CB57970073E583 /* none.png */,
				9126B3E522CB57970073E583 /* playstore-icon.jpg */,
				9126B3E822CB57970073E583 /* psi.png */,
				9126B3EA22CB57970073E583 /* xi.png */,
			);
			path = Assets;
			sourceTree = "<group>";
		};
		9126B3F422CB57A20073E583 /* Icons */ = {
			isa = PBXGroup;
			children = (
				9126B3F722CB57BB0073E583 /* Icon-App-20x20@1x.png */,
				9126B3FF22CB57BB0073E583 /* Icon-App-20x20@2x.png */,
				9126B3F522CB57BB0073E583 /* Icon-App-20x20@3x.png */,
				9126B40122CB57BC0073E583 /* Icon-App-29x29@1x.png */,
				9126B3F822CB57BB0073E583 /* Icon-App-29x29@2x.png */,
				9126B3FE22CB57BB0073E583 /* Icon-App-29x29@3x.png */,
				9126B3F622CB57BB0073E583 /* Icon-App-40x40@1x.png */,
				9126B40022CB57BC0073E583 /* Icon-App-40x40@2x.png */,
				9126B3F922CB57BB0073E583 /* Icon-App-40x40@3x.png */,
				9126B40222CB57BC0073E583 /* Icon-App-60x60@2x.png */,
				9126B3FB22CB57BB0073E583 /* Icon-App-60x60@3x.png */,
				9126B3FA22CB57BB0073E583 /* Icon-App-76x76@1x.png */,
				9126B3FC22CB57BB0073E583 /* Icon-App-76x76@2x.png */,
				9126B3FD22CB57BB0073E583 /* Icon-App-83.5x83.5@2x.png */,
				9126B40322CB57BC0073E583 /* iTunesArtwork@2x.png */,
			);
			path = Icons;
			sourceTree = "<group>";
		};
		917802F822CB554100337618 = {
			isa = PBXGroup;
			children = (
				9178030322CB554100337618 /* Psakse */,
				9178030222CB554100337618 /* Products */,
			);
			sourceTree = "<group>";
		};
		9178030222CB554100337618 /* Products */ = {
			isa = PBXGroup;
			children = (
				9178030122CB554100337618 /* Psakse.app */,
			);
			name = Products;
			sourceTree = "<group>";
		};
		9178030322CB554100337618 /* Psakse */ = {
			isa = PBXGroup;
			children = (
				9126B3E322CB576A0073E583 /* Assets */,
				9178030422CB554100337618 /* AppDelegate.swift */,
				9178030622CB554100337618 /* GameScene.sks */,
				9178030822CB554100337618 /* Actions.sks */,
				9178030A22CB554100337618 /* GameScene.swift */,
				9178030C22CB554100337618 /* GameViewController.swift */,
				9178030E22CB554100337618 /* Main.storyboard */,
				9178031122CB554300337618 /* Assets.xcassets */,
				9178031322CB554300337618 /* LaunchScreen.storyboard */,
				9178031622CB554300337618 /* Info.plist */,
			);
			path = Psakse;
			sourceTree = "<group>";
		};
/* End PBXGroup section */

/* Begin PBXNativeTarget section */
		9178030022CB554100337618 /* Psakse */ = {
			isa = PBXNativeTarget;
			buildConfigurationList = 9178031922CB554300337618 /* Build configuration list for PBXNativeTarget "Psakse" */;
			buildPhases = (
				917802FD22CB554100337618 /* Sources */,
				917802FE22CB554100337618 /* Frameworks */,
				917802FF22CB554100337618 /* Resources */,
			);
			buildRules = (
			);
			dependencies = (
			);
			name = Psakse;
			productName = Psakse;
			productReference = 9178030122CB554100337618 /* Psakse.app */;
			productType = "com.apple.product-type.application";
		};
/* End PBXNativeTarget section */

/* Begin PBXProject section */
		917802F922CB554100337618 /* Project object */ = {
			isa = PBXProject;
			attributes = {
				LastSwiftUpdateCheck = 1020;
				LastUpgradeCheck = 1020;
				ORGANIZATIONNAME = "Daniel Marriner";
				TargetAttributes = {
					9178030022CB554100337618 = {
						CreatedOnToolsVersion = 10.2.1;
					};
				};
			};
			buildConfigurationList = 917802FC22CB554100337618 /* Build configuration list for PBXProject "Psakse" */;
			compatibilityVersion = "Xcode 9.3";
			developmentRegion = en;
			hasScannedForEncodings = 0;
			knownRegions = (
				en,
				Base,
			);
			mainGroup = 917802F822CB554100337618;
			productRefGroup = 9178030222CB554100337618 /* Products */;
			projectDirPath = "";
			projectRoot = "";
			targets = (
				9178030022CB554100337618 /* Psakse */,
			);
		};
/* End PBXProject section */

/* Begin PBXResourcesBuildPhase section */
		917802FF22CB554100337618 /* Resources */ = {
			isa = PBXResourcesBuildPhase;
			buildActionMask = 2147483647;
			files = (
				9126B40522CB57BC0073E583 /* Icon-App-40x40@1x.png in Resources */,
				9126B40622CB57BC0073E583 /* Icon-App-20x20@1x.png in Resources */,
				9126B40E22CB57BC0073E583 /* Icon-App-20x20@2x.png in Resources */,
				9126B3EF22CB57970073E583 /* a.png in Resources */,
				9126B3F122CB57970073E583 /* none.png in Resources */,
				9126B40F22CB57BC0073E583 /* Icon-App-40x40@2x.png in Resources */,
				9126B3EE22CB57970073E583 /* logo_large_alt.png in Resources */,
				9178031022CB554100337618 /* Main.storyboard in Resources */,
				9178030722CB554100337618 /* GameScene.sks in Resources */,
				9126B40722CB57BC0073E583 /* Icon-App-29x29@2x.png in Resources */,
				9126B3F322CB57970073E583 /* e.png in Resources */,
				9126B3ED22CB57970073E583 /* playstore-icon.jpg in Resources */,
				9126B40C22CB57BC0073E583 /* Icon-App-83.5x83.5@2x.png in Resources */,
				9178031222CB554300337618 /* Assets.xcassets in Resources */,
				9126B40A22CB57BC0073E583 /* Icon-App-60x60@3x.png in Resources */,
				9126B3EC22CB57970073E583 /* dot.png in Resources */,
				9126B40922CB57BC0073E583 /* Icon-App-76x76@1x.png in Resources */,
				9126B41022CB57BC0073E583 /* Icon-App-29x29@1x.png in Resources */,
				9126B41122CB57BC0073E583 /* Icon-App-60x60@2x.png in Resources */,
				9126B40D22CB57BC0073E583 /* Icon-App-29x29@3x.png in Resources */,
				9126B40422CB57BC0073E583 /* Icon-App-20x20@3x.png in Resources */,
				9178031522CB554300337618 /* LaunchScreen.storyboard in Resources */,
				9126B3F022CB57970073E583 /* psi.png in Resources */,
				9126B41222CB57BC0073E583 /* iTunesArtwork@2x.png in Resources */,
				9126B40B22CB57BC0073E583 /* Icon-App-76x76@2x.png in Resources */,
				9126B40822CB57BC0073E583 /* Icon-App-40x40@3x.png in Resources */,
				9126B3F222CB57970073E583 /* xi.png in Resources */,
				9178030922CB554100337618 /* Actions.sks in Resources */,
			);
			runOnlyForDeploymentPostprocessing = 0;
		};
/* End PBXResourcesBuildPhase section */

/* Begin PBXSourcesBuildPhase section */
		917802FD22CB554100337618 /* Sources */ = {
			isa = PBXSourcesBuildPhase;
			buildActionMask = 2147483647;
			files = (
				9178030B22CB554100337618 /* GameScene.swift in Sources */,
				9178030D22CB554100337618 /* GameViewController.swift in Sources */,
				9178030522CB554100337618 /* AppDelegate.swift in Sources */,
			);
			runOnlyForDeploymentPostprocessing = 0;
		};
/* End PBXSourcesBuildPhase section */

/* Begin PBXVariantGroup section */
		9178030E22CB554100337618 /* Main.storyboard */ = {
			isa = PBXVariantGroup;
			children = (
				9178030F22CB554100337618 /* Base */,
			);
			name = Main.storyboard;
			sourceTree = "<group>";
		};
		9178031322CB554300337618 /* LaunchScreen.storyboard */ = {
			isa = PBXVariantGroup;
			children = (
				9178031422CB554300337618 /* Base */,
			);
			name = LaunchScreen.storyboard;
			sourceTree = "<group>";
		};
/* End PBXVariantGroup section */

/* Begin XCBuildConfiguration section */
		9178031722CB554300337618 /* Debug */ = {
			isa = XCBuildConfiguration;
			buildSettings = {
				ALWAYS_SEARCH_USER_PATHS = NO;
				CLANG_ANALYZER_NONNULL = YES;
				CLANG_ANALYZER_NUMBER_OBJECT_CONVERSION = YES_AGGRESSIVE;
				CLANG_CXX_LANGUAGE_STANDARD = "gnu++14";
				CLANG_CXX_LIBRARY = "libc++";
				CLANG_ENABLE_MODULES = YES;
				CLANG_ENABLE_OBJC_ARC = YES;
				CLANG_ENABLE_OBJC_WEAK = YES;
				CLANG_WARN_BLOCK_CAPTURE_AUTORELEASING = YES;
				CLANG_WARN_BOOL_CONVERSION = YES;
				CLANG_WARN_COMMA = YES;
				CLANG_WARN_CONSTANT_CONVERSION = YES;
				CLANG_WARN_DEPRECATED_OBJC_IMPLEMENTATIONS = YES;
				CLANG_WARN_DIRECT_OBJC_ISA_USAGE = YES_ERROR;
				CLANG_WARN_DOCUMENTATION_COMMENTS = YES;
				CLANG_WARN_EMPTY_BODY = YES;
				CLANG_WARN_ENUM_CONVERSION = YES;
				CLANG_WARN_INFINITE_RECURSION = YES;
				CLANG_WARN_INT_CONVERSION = YES;
				CLANG_WARN_NON_LITERAL_NULL_CONVERSION = YES;
				CLANG_WARN_OBJC_IMPLICIT_RETAIN_SELF = YES;
				CLANG_WARN_OBJC_LITERAL_CONVERSION = YES;
				CLANG_WARN_OBJC_ROOT_CLASS = YES_ERROR;
				CLANG_WARN_RANGE_LOOP_ANALYSIS = YES;
				CLANG_WARN_STRICT_PROTOTYPES = YES;
				CLANG_WARN_SUSPICIOUS_MOVE = YES;
				CLANG_WARN_UNGUARDED_AVAILABILITY = YES_AGGRESSIVE;
				CLANG_WARN_UNREACHABLE_CODE = YES;
				CLANG_WARN__DUPLICATE_METHOD_MATCH = YES;
				CODE_SIGN_IDENTITY = "iPhone Developer";
				COPY_PHASE_STRIP = NO;
				DEBUG_INFORMATION_FORMAT = dwarf;
				ENABLE_STRICT_OBJC_MSGSEND = YES;
				ENABLE_TESTABILITY = YES;
				GCC_C_LANGUAGE_STANDARD = gnu11;
				GCC_DYNAMIC_NO_PIC = NO;
				GCC_NO_COMMON_BLOCKS = YES;
				GCC_OPTIMIZATION_LEVEL = 0;
				GCC_PREPROCESSOR_DEFINITIONS = (
					"DEBUG=1",
					"$(inherited)",
				);
				GCC_WARN_64_TO_32_BIT_CONVERSION = YES;
				GCC_WARN_ABOUT_RETURN_TYPE = YES_ERROR;
				GCC_WARN_UNDECLARED_SELECTOR = YES;
				GCC_WARN_UNINITIALIZED_AUTOS = YES_AGGRESSIVE;
				GCC_WARN_UNUSED_FUNCTION = YES;
				GCC_WARN_UNUSED_VARIABLE = YES;
				IPHONEOS_DEPLOYMENT_TARGET = 12.2;
				MTL_ENABLE_DEBUG_INFO = INCLUDE_SOURCE;
				MTL_FAST_MATH = YES;
				ONLY_ACTIVE_ARCH = YES;
				SDKROOT = iphoneos;
				SWIFT_ACTIVE_COMPILATION_CONDITIONS = DEBUG;
				SWIFT_OPTIMIZATION_LEVEL = "-Onone";
			};
			name = Debug;
		};
		9178031822CB554300337618 /* Release */ = {
			isa = XCBuildConfiguration;
			buildSettings = {
				ALWAYS_SEARCH_USER_PATHS = NO;
				CLANG_ANALYZER_NONNULL = YES;
				CLANG_ANALYZER_NUMBER_OBJECT_CONVERSION = YES_AGGRESSIVE;
				CLANG_CXX_LANGUAGE_STANDARD = "gnu++14";
				CLANG_CXX_LIBRARY = "libc++";
				CLANG_ENABLE_MODULES = YES;
				CLANG_ENABLE_OBJC_ARC = YES;
				CLANG_ENABLE_OBJC_WEAK = YES;
				CLANG_WARN_BLOCK_CAPTURE_AUTORELEASING = YES;
				CLANG_WARN_BOOL_CONVERSION = YES;
				CLANG_WARN_COMMA = YES;
				CLANG_WARN_CONSTANT_CONVERSION = YES;
				CLANG_WARN_DEPRECATED_OBJC_IMPLEMENTATIONS = YES;
				CLANG_WARN_DIRECT_OBJC_ISA_USAGE = YES_ERROR;
				CLANG_WARN_DOCUMENTATION_COMMENTS = YES;
				CLANG_WARN_EMPTY_BODY = YES;
				CLANG_WARN_ENUM_CONVERSION = YES;
				CLANG_WARN_INFINITE_RECURSION = YES;
				CLANG_WARN_INT_CONVERSION = YES;
				CLANG_WARN_NON_LITERAL_NULL_CONVERSION = YES;
				CLANG_WARN_OBJC_IMPLICIT_RETAIN_SELF = YES;
				CLANG_WARN_OBJC_LITERAL_CONVERSION = YES;
				CLANG_WARN_OBJC_ROOT_CLASS = YES_ERROR;
				CLANG_WARN_RANGE_LOOP_ANALYSIS = YES;
				CLANG_WARN_STRICT_PROTOTYPES = YES;
				CLANG_WARN_SUSPICIOUS_MOVE = YES;
				CLANG_WARN_UNGUARDED_AVAILABILITY = YES_AGGRESSIVE;
				CLANG_WARN_UNREACHABLE_CODE = YES;
				CLANG_WARN__DUPLICATE_METHOD_MATCH = YES;
				CODE_SIGN_IDENTITY = "iPhone Developer";
				COPY_PHASE_STRIP = NO;
				DEBUG_INFORMATION_FORMAT = "dwarf-with-dsym";
				ENABLE_NS_ASSERTIONS = NO;
				ENABLE_STRICT_OBJC_MSGSEND = YES;
				GCC_C_LANGUAGE_STANDARD = gnu11;
				GCC_NO_COMMON_BLOCKS = YES;
				GCC_WARN_64_TO_32_BIT_CONVERSION = YES;
				GCC_WARN_ABOUT_RETURN_TYPE = YES_ERROR;
				GCC_WARN_UNDECLARED_SELECTOR = YES;
				GCC_WARN_UNINITIALIZED_AUTOS = YES_AGGRESSIVE;
				GCC_WARN_UNUSED_FUNCTION = YES;
				GCC_WARN_UNUSED_VARIABLE = YES;
				IPHONEOS_DEPLOYMENT_TARGET = 12.2;
				MTL_ENABLE_DEBUG_INFO = NO;
				MTL_FAST_MATH = YES;
				SDKROOT = iphoneos;
				SWIFT_COMPILATION_MODE = wholemodule;
				SWIFT_OPTIMIZATION_LEVEL = "-O";
				VALIDATE_PRODUCT = YES;
			};
			name = Release;
		};
		9178031A22CB554300337618 /* Debug */ = {
			isa = XCBuildConfiguration;
			buildSettings = {
				ASSETCATALOG_COMPILER_APPICON_NAME = AppIcon;
				CODE_SIGN_STYLE = Automatic;
				DEVELOPMENT_TEAM = SDPTWQFVDC;
				INFOPLIST_FILE = Psakse/Info.plist;
				IPHONEOS_DEPLOYMENT_TARGET = 10.0;
				LD_RUNPATH_SEARCH_PATHS = (
					"$(inherited)",
					"@executable_path/Frameworks",
				);
				PRODUCT_BUNDLE_IDENTIFIER = "anachronistic-tech.Psakse";
				PRODUCT_NAME = "$(TARGET_NAME)";
				SWIFT_VERSION = 5.0;
				TARGETED_DEVICE_FAMILY = "1,2";
			};
			name = Debug;
		};
		9178031B22CB554300337618 /* Release */ = {
			isa = XCBuildConfiguration;
			buildSettings = {
				ASSETCATALOG_COMPILER_APPICON_NAME = AppIcon;
				CODE_SIGN_STYLE = Automatic;
				DEVELOPMENT_TEAM = SDPTWQFVDC;
				INFOPLIST_FILE = Psakse/Info.plist;
				IPHONEOS_DEPLOYMENT_TARGET = 10.0;
				LD_RUNPATH_SEARCH_PATHS = (
					"$(inherited)",
					"@executable_path/Frameworks",
				);
				PRODUCT_BUNDLE_IDENTIFIER = "anachronistic-tech.Psakse";
				PRODUCT_NAME = "$(TARGET_NAME)";
				SWIFT_VERSION = 5.0;
				TARGETED_DEVICE_FAMILY = "1,2";
			};
			name = Release;
		};
/* End XCBuildConfiguration section */

/* Begin XCConfigurationList section */
		917802FC22CB554100337618 /* Build configuration list for PBXProject "Psakse" */ = {
			isa = XCConfigurationList;
			buildConfigurations = (
				9178031722CB554300337618 /* Debug */,
				9178031822CB554300337618 /* Release */,
			);
			defaultConfigurationIsVisible = 0;
			defaultConfigurationName = Release;
		};
		9178031922CB554300337618 /* Build configuration list for PBXNativeTarget "Psakse" */ = {
			isa = XCConfigurationList;
			buildConfigurations = (
				9178031A22CB554300337618 /* Debug */,
				9178031B22CB554300337618 /* Release */,
			);
			defaultConfigurationIsVisible = 0;
			defaultConfigurationName = Release;
		};
/* End XCConfigurationList section */
	};
	rootObject = 917802F922CB554100337618 /* Project object */;
}
