// !$*UTF8*$!
{
	archiveVersion = 1;
	classes = {
	};
	objectVersion = 50;
	objects = {

/* Begin PBXBuildFile section */
		91034F9523747F7900AFFFA3 /* Extensions.swift in Sources */ = {isa = PBXBuildFile; fileRef = 91034F9423747F7900AFFFA3 /* Extensions.swift */; };
		91034FA6237481EB00AFFFA3 /* Main.storyboard in Resources */ = {isa = PBXBuildFile; fileRef = 91034F96237481EA00AFFFA3 /* Main.storyboard */; };
		91034FA8237481EB00AFFFA3 /* Info.plist in Resources */ = {isa = PBXBuildFile; fileRef = 91034F98237481EA00AFFFA3 /* Info.plist */; };
		91034FAA237481EB00AFFFA3 /* SelectViewController.swift in Sources */ = {isa = PBXBuildFile; fileRef = 91034F9A237481EA00AFFFA3 /* SelectViewController.swift */; };
		91034FAB237481EB00AFFFA3 /* FlippedView.swift in Sources */ = {isa = PBXBuildFile; fileRef = 91034F9B237481EA00AFFFA3 /* FlippedView.swift */; };
		91034FAC237481EB00AFFFA3 /* GameViewController.swift in Sources */ = {isa = PBXBuildFile; fileRef = 91034F9C237481EA00AFFFA3 /* GameViewController.swift */; };
		91034FAF237481EB00AFFFA3 /* WindowController.swift in Sources */ = {isa = PBXBuildFile; fileRef = 91034F9F237481EA00AFFFA3 /* WindowController.swift */; };
		91034FB0237481EB00AFFFA3 /* AppDelegate.swift in Sources */ = {isa = PBXBuildFile; fileRef = 91034FA0237481EA00AFFFA3 /* AppDelegate.swift */; };
		91034FB2237481EB00AFFFA3 /* AppKitExtensions.swift in Sources */ = {isa = PBXBuildFile; fileRef = 91034FA3237481EB00AFFFA3 /* AppKitExtensions.swift */; };
		91034FB3237481EB00AFFFA3 /* Grid.swift in Sources */ = {isa = PBXBuildFile; fileRef = 91034FA4237481EB00AFFFA3 /* Grid.swift */; };
		91034FB4237481EB00AFFFA3 /* HomeViewController.swift in Sources */ = {isa = PBXBuildFile; fileRef = 91034FA5237481EB00AFFFA3 /* HomeViewController.swift */; };
		91034FB52374828B00AFFFA3 /* Deck.swift in Sources */ = {isa = PBXBuildFile; fileRef = 914F56D522CA8CE90099A5F1 /* Deck.swift */; };
		91034FB62374828B00AFFFA3 /* Card.swift in Sources */ = {isa = PBXBuildFile; fileRef = 914F56D922CA8CEA0099A5F1 /* Card.swift */; };
		91034FB72374828B00AFFFA3 /* Symbols.swift in Sources */ = {isa = PBXBuildFile; fileRef = 914F56D222CA8CE90099A5F1 /* Symbols.swift */; };
		91034FB82374828B00AFFFA3 /* Colors.swift in Sources */ = {isa = PBXBuildFile; fileRef = 914F56D122CA8CE90099A5F1 /* Colors.swift */; };
		91034FB92374828B00AFFFA3 /* Extensions.swift in Sources */ = {isa = PBXBuildFile; fileRef = 91034F9423747F7900AFFFA3 /* Extensions.swift */; };
		91034FBA2374828B00AFFFA3 /* link.txt in Sources */ = {isa = PBXBuildFile; fileRef = 917245E0230C9E2700FAAE4A /* link.txt */; };
		91034FBC2374833300AFFFA3 /* Assets.xcassets in Resources */ = {isa = PBXBuildFile; fileRef = 91034FBB2374833300AFFFA3 /* Assets.xcassets */; };
		91034FBD2374833300AFFFA3 /* Assets.xcassets in Resources */ = {isa = PBXBuildFile; fileRef = 91034FBB2374833300AFFFA3 /* Assets.xcassets */; };
		91034FBE237483DD00AFFFA3 /* iTunesArtwork@2x.png in Resources */ = {isa = PBXBuildFile; fileRef = 914F571522CA90130099A5F1 /* iTunesArtwork@2x.png */; };
		91034FBF237483DD00AFFFA3 /* logo_large_alt.png in Resources */ = {isa = PBXBuildFile; fileRef = 914F56E722CA8D6B0099A5F1 /* logo_large_alt.png */; };
		91034FC0237483DD00AFFFA3 /* psi.png in Resources */ = {isa = PBXBuildFile; fileRef = 914F56EB22CA8D6B0099A5F1 /* psi.png */; };
		91034FC1237483DD00AFFFA3 /* a.png in Resources */ = {isa = PBXBuildFile; fileRef = 914F56E622CA8D6B0099A5F1 /* a.png */; };
		91034FC2237483DD00AFFFA3 /* xi.png in Resources */ = {isa = PBXBuildFile; fileRef = 914F56E822CA8D6B0099A5F1 /* xi.png */; };
		91034FC3237483DD00AFFFA3 /* e.png in Resources */ = {isa = PBXBuildFile; fileRef = 914F56EA22CA8D6B0099A5F1 /* e.png */; };
		91034FC4237483DD00AFFFA3 /* dot.png in Resources */ = {isa = PBXBuildFile; fileRef = 914F56E522CA8D6B0099A5F1 /* dot.png */; };
		91034FC5237483DD00AFFFA3 /* none.png in Resources */ = {isa = PBXBuildFile; fileRef = 914F56E922CA8D6B0099A5F1 /* none.png */; };
		914F56DA22CA8CEA0099A5F1 /* Colors.swift in Sources */ = {isa = PBXBuildFile; fileRef = 914F56D122CA8CE90099A5F1 /* Colors.swift */; };
		914F56DB22CA8CEA0099A5F1 /* Symbols.swift in Sources */ = {isa = PBXBuildFile; fileRef = 914F56D222CA8CE90099A5F1 /* Symbols.swift */; };
		914F56DC22CA8CEA0099A5F1 /* SelectViewController.swift in Sources */ = {isa = PBXBuildFile; fileRef = 914F56D322CA8CE90099A5F1 /* SelectViewController.swift */; };
		914F56DD22CA8CEA0099A5F1 /* GameViewController.swift in Sources */ = {isa = PBXBuildFile; fileRef = 914F56D422CA8CE90099A5F1 /* GameViewController.swift */; };
		914F56DE22CA8CEA0099A5F1 /* Deck.swift in Sources */ = {isa = PBXBuildFile; fileRef = 914F56D522CA8CE90099A5F1 /* Deck.swift */; };
		914F56DF22CA8CEA0099A5F1 /* HomeViewController.swift in Sources */ = {isa = PBXBuildFile; fileRef = 914F56D622CA8CE90099A5F1 /* HomeViewController.swift */; };
		914F56E022CA8CEA0099A5F1 /* UIKitExtensions.swift in Sources */ = {isa = PBXBuildFile; fileRef = 914F56D722CA8CEA0099A5F1 /* UIKitExtensions.swift */; };
		914F56E122CA8CEA0099A5F1 /* Grid.swift in Sources */ = {isa = PBXBuildFile; fileRef = 914F56D822CA8CEA0099A5F1 /* Grid.swift */; };
		914F56E222CA8CEA0099A5F1 /* Card.swift in Sources */ = {isa = PBXBuildFile; fileRef = 914F56D922CA8CEA0099A5F1 /* Card.swift */; };
		914F56ED22CA8D6B0099A5F1 /* dot.png in Resources */ = {isa = PBXBuildFile; fileRef = 914F56E522CA8D6B0099A5F1 /* dot.png */; };
		914F56EE22CA8D6B0099A5F1 /* a.png in Resources */ = {isa = PBXBuildFile; fileRef = 914F56E622CA8D6B0099A5F1 /* a.png */; };
		914F56EF22CA8D6B0099A5F1 /* logo_large_alt.png in Resources */ = {isa = PBXBuildFile; fileRef = 914F56E722CA8D6B0099A5F1 /* logo_large_alt.png */; };
		914F56F022CA8D6B0099A5F1 /* xi.png in Resources */ = {isa = PBXBuildFile; fileRef = 914F56E822CA8D6B0099A5F1 /* xi.png */; };
		914F56F122CA8D6B0099A5F1 /* none.png in Resources */ = {isa = PBXBuildFile; fileRef = 914F56E922CA8D6B0099A5F1 /* none.png */; };
		914F56F222CA8D6B0099A5F1 /* e.png in Resources */ = {isa = PBXBuildFile; fileRef = 914F56EA22CA8D6B0099A5F1 /* e.png */; };
		914F56F322CA8D6B0099A5F1 /* psi.png in Resources */ = {isa = PBXBuildFile; fileRef = 914F56EB22CA8D6B0099A5F1 /* psi.png */; };
		914F56F522CA8D990099A5F1 /* Main.storyboard in Resources */ = {isa = PBXBuildFile; fileRef = 914F56F422CA8D990099A5F1 /* Main.storyboard */; };
		914F56F722CA8DAC0099A5F1 /* LaunchScreen.storyboard in Resources */ = {isa = PBXBuildFile; fileRef = 914F56F622CA8DAC0099A5F1 /* LaunchScreen.storyboard */; };
		914F571622CA90130099A5F1 /* iTunesArtwork@2x.png in Resources */ = {isa = PBXBuildFile; fileRef = 914F571522CA90130099A5F1 /* iTunesArtwork@2x.png */; };
		917245E1230C9E2700FAAE4A /* link.txt in Resources */ = {isa = PBXBuildFile; fileRef = 917245E0230C9E2700FAAE4A /* link.txt */; };
		91F9C6F222CA8B54000A5F2F /* AppDelegate.swift in Sources */ = {isa = PBXBuildFile; fileRef = 91F9C6F122CA8B54000A5F2F /* AppDelegate.swift */; };
/* End PBXBuildFile section */

/* Begin PBXFileReference section */
		91034F7F23747D1E00AFFFA3 /* Psakse for macOS.app */ = {isa = PBXFileReference; explicitFileType = wrapper.application; includeInIndex = 0; path = "Psakse for macOS.app"; sourceTree = BUILT_PRODUCTS_DIR; };
		91034F9423747F7900AFFFA3 /* Extensions.swift */ = {isa = PBXFileReference; lastKnownFileType = sourcecode.swift; path = Extensions.swift; sourceTree = "<group>"; };
		91034F96237481EA00AFFFA3 /* Main.storyboard */ = {isa = PBXFileReference; fileEncoding = 4; lastKnownFileType = file.storyboard; path = Main.storyboard; sourceTree = "<group>"; };
		91034F98237481EA00AFFFA3 /* Info.plist */ = {isa = PBXFileReference; fileEncoding = 4; lastKnownFileType = text.plist.xml; path = Info.plist; sourceTree = "<group>"; };
		91034F9A237481EA00AFFFA3 /* SelectViewController.swift */ = {isa = PBXFileReference; fileEncoding = 4; lastKnownFileType = sourcecode.swift; path = SelectViewController.swift; sourceTree = "<group>"; };
		91034F9B237481EA00AFFFA3 /* FlippedView.swift */ = {isa = PBXFileReference; fileEncoding = 4; lastKnownFileType = sourcecode.swift; path = FlippedView.swift; sourceTree = "<group>"; };
		91034F9C237481EA00AFFFA3 /* GameViewController.swift */ = {isa = PBXFileReference; fileEncoding = 4; lastKnownFileType = sourcecode.swift; path = GameViewController.swift; sourceTree = "<group>"; };
		91034F9F237481EA00AFFFA3 /* WindowController.swift */ = {isa = PBXFileReference; fileEncoding = 4; lastKnownFileType = sourcecode.swift; path = WindowController.swift; sourceTree = "<group>"; };
		91034FA0237481EA00AFFFA3 /* AppDelegate.swift */ = {isa = PBXFileReference; fileEncoding = 4; lastKnownFileType = sourcecode.swift; path = AppDelegate.swift; sourceTree = "<group>"; };
		91034FA3237481EB00AFFFA3 /* AppKitExtensions.swift */ = {isa = PBXFileReference; fileEncoding = 4; lastKnownFileType = sourcecode.swift; path = AppKitExtensions.swift; sourceTree = "<group>"; };
		91034FA4237481EB00AFFFA3 /* Grid.swift */ = {isa = PBXFileReference; fileEncoding = 4; lastKnownFileType = sourcecode.swift; path = Grid.swift; sourceTree = "<group>"; };
		91034FA5237481EB00AFFFA3 /* HomeViewController.swift */ = {isa = PBXFileReference; fileEncoding = 4; lastKnownFileType = sourcecode.swift; path = HomeViewController.swift; sourceTree = "<group>"; };
		91034FBB2374833300AFFFA3 /* Assets.xcassets */ = {isa = PBXFileReference; lastKnownFileType = folder.assetcatalog; path = Assets.xcassets; sourceTree = "<group>"; };
		91034FC823748ABC00AFFFA3 /* Psakse for macOS.entitlements */ = {isa = PBXFileReference; lastKnownFileType = text.plist.entitlements; path = "Psakse for macOS.entitlements"; sourceTree = "<group>"; };
		914F56D122CA8CE90099A5F1 /* Colors.swift */ = {isa = PBXFileReference; fileEncoding = 4; lastKnownFileType = sourcecode.swift; path = Colors.swift; sourceTree = "<group>"; };
		914F56D222CA8CE90099A5F1 /* Symbols.swift */ = {isa = PBXFileReference; fileEncoding = 4; lastKnownFileType = sourcecode.swift; path = Symbols.swift; sourceTree = "<group>"; };
		914F56D322CA8CE90099A5F1 /* SelectViewController.swift */ = {isa = PBXFileReference; fileEncoding = 4; lastKnownFileType = sourcecode.swift; path = SelectViewController.swift; sourceTree = "<group>"; };
		914F56D422CA8CE90099A5F1 /* GameViewController.swift */ = {isa = PBXFileReference; fileEncoding = 4; lastKnownFileType = sourcecode.swift; path = GameViewController.swift; sourceTree = "<group>"; };
		914F56D522CA8CE90099A5F1 /* Deck.swift */ = {isa = PBXFileReference; fileEncoding = 4; lastKnownFileType = sourcecode.swift; path = Deck.swift; sourceTree = "<group>"; };
		914F56D622CA8CE90099A5F1 /* HomeViewController.swift */ = {isa = PBXFileReference; fileEncoding = 4; lastKnownFileType = sourcecode.swift; path = HomeViewController.swift; sourceTree = "<group>"; };
		914F56D722CA8CEA0099A5F1 /* UIKitExtensions.swift */ = {isa = PBXFileReference; fileEncoding = 4; lastKnownFileType = sourcecode.swift; path = UIKitExtensions.swift; sourceTree = "<group>"; };
		914F56D822CA8CEA0099A5F1 /* Grid.swift */ = {isa = PBXFileReference; fileEncoding = 4; lastKnownFileType = sourcecode.swift; path = Grid.swift; sourceTree = "<group>"; };
		914F56D922CA8CEA0099A5F1 /* Card.swift */ = {isa = PBXFileReference; fileEncoding = 4; lastKnownFileType = sourcecode.swift; path = Card.swift; sourceTree = "<group>"; };
		914F56E522CA8D6B0099A5F1 /* dot.png */ = {isa = PBXFileReference; lastKnownFileType = image.png; path = dot.png; sourceTree = "<group>"; };
		914F56E622CA8D6B0099A5F1 /* a.png */ = {isa = PBXFileReference; lastKnownFileType = image.png; path = a.png; sourceTree = "<group>"; };
		914F56E722CA8D6B0099A5F1 /* logo_large_alt.png */ = {isa = PBXFileReference; lastKnownFileType = image.png; path = logo_large_alt.png; sourceTree = "<group>"; };
		914F56E822CA8D6B0099A5F1 /* xi.png */ = {isa = PBXFileReference; lastKnownFileType = image.png; path = xi.png; sourceTree = "<group>"; };
		914F56E922CA8D6B0099A5F1 /* none.png */ = {isa = PBXFileReference; lastKnownFileType = image.png; path = none.png; sourceTree = "<group>"; };
		914F56EA22CA8D6B0099A5F1 /* e.png */ = {isa = PBXFileReference; lastKnownFileType = image.png; path = e.png; sourceTree = "<group>"; };
		914F56EB22CA8D6B0099A5F1 /* psi.png */ = {isa = PBXFileReference; lastKnownFileType = image.png; path = psi.png; sourceTree = "<group>"; };
		914F56F422CA8D990099A5F1 /* Main.storyboard */ = {isa = PBXFileReference; fileEncoding = 4; lastKnownFileType = file.storyboard; path = Main.storyboard; sourceTree = "<group>"; };
		914F56F622CA8DAC0099A5F1 /* LaunchScreen.storyboard */ = {isa = PBXFileReference; fileEncoding = 4; lastKnownFileType = file.storyboard; path = LaunchScreen.storyboard; sourceTree = "<group>"; };
		914F571522CA90130099A5F1 /* iTunesArtwork@2x.png */ = {isa = PBXFileReference; lastKnownFileType = image.png; path = "iTunesArtwork@2x.png"; sourceTree = "<group>"; };
		917245E0230C9E2700FAAE4A /* link.txt */ = {isa = PBXFileReference; lastKnownFileType = text; path = link.txt; sourceTree = "<group>"; };
		91F9C6EE22CA8B54000A5F2F /* Psakse.app */ = {isa = PBXFileReference; explicitFileType = wrapper.application; includeInIndex = 0; path = Psakse.app; sourceTree = BUILT_PRODUCTS_DIR; };
		91F9C6F122CA8B54000A5F2F /* AppDelegate.swift */ = {isa = PBXFileReference; lastKnownFileType = sourcecode.swift; path = AppDelegate.swift; sourceTree = "<group>"; };
		91F9C6FD22CA8B58000A5F2F /* Info.plist */ = {isa = PBXFileReference; lastKnownFileType = text.plist.xml; path = Info.plist; sourceTree = "<group>"; };
/* End PBXFileReference section */

/* Begin PBXFrameworksBuildPhase section */
		91034F7C23747D1E00AFFFA3 /* Frameworks */ = {
			isa = PBXFrameworksBuildPhase;
			buildActionMask = 2147483647;
			files = (
			);
			runOnlyForDeploymentPostprocessing = 0;
		};
		91F9C6EB22CA8B54000A5F2F /* Frameworks */ = {
			isa = PBXFrameworksBuildPhase;
			buildActionMask = 2147483647;
			files = (
			);
			runOnlyForDeploymentPostprocessing = 0;
		};
/* End PBXFrameworksBuildPhase section */

/* Begin PBXGroup section */
		91034F8023747D1E00AFFFA3 /* Psakse for macOS */ = {
			isa = PBXGroup;
			children = (
				91034FC823748ABC00AFFFA3 /* Psakse for macOS.entitlements */,
				91034FA0237481EA00AFFFA3 /* AppDelegate.swift */,
				91034F9F237481EA00AFFFA3 /* WindowController.swift */,
				91034F9C237481EA00AFFFA3 /* GameViewController.swift */,
				91034FA5237481EB00AFFFA3 /* HomeViewController.swift */,
				91034F9A237481EA00AFFFA3 /* SelectViewController.swift */,
				91034FA3237481EB00AFFFA3 /* AppKitExtensions.swift */,
				91034F9B237481EA00AFFFA3 /* FlippedView.swift */,
				91034FA4237481EB00AFFFA3 /* Grid.swift */,
				91034F96237481EA00AFFFA3 /* Main.storyboard */,
				91034F98237481EA00AFFFA3 /* Info.plist */,
			);
			path = "Psakse for macOS";
			sourceTree = "<group>";
		};
		91034F8F23747D3300AFFFA3 /* Common */ = {
			isa = PBXGroup;
			children = (
				91034FBB2374833300AFFFA3 /* Assets.xcassets */,
				914F56E322CA8D3E0099A5F1 /* Assets */,
				914F56D522CA8CE90099A5F1 /* Deck.swift */,
				914F56D922CA8CEA0099A5F1 /* Card.swift */,
				914F56D222CA8CE90099A5F1 /* Symbols.swift */,
				914F56D122CA8CE90099A5F1 /* Colors.swift */,
				91034F9423747F7900AFFFA3 /* Extensions.swift */,
				917245E0230C9E2700FAAE4A /* link.txt */,
			);
			path = Common;
			sourceTree = "<group>";
		};
		914F56E322CA8D3E0099A5F1 /* Assets */ = {
			isa = PBXGroup;
			children = (
				914F571522CA90130099A5F1 /* iTunesArtwork@2x.png */,
				914F56E722CA8D6B0099A5F1 /* logo_large_alt.png */,
				914F56EB22CA8D6B0099A5F1 /* psi.png */,
				914F56E622CA8D6B0099A5F1 /* a.png */,
				914F56E822CA8D6B0099A5F1 /* xi.png */,
				914F56EA22CA8D6B0099A5F1 /* e.png */,
				914F56E522CA8D6B0099A5F1 /* dot.png */,
				914F56E922CA8D6B0099A5F1 /* none.png */,
			);
			path = Assets;
			sourceTree = "<group>";
		};
		91F9C6E522CA8B54000A5F2F = {
			isa = PBXGroup;
			children = (
				91034F8F23747D3300AFFFA3 /* Common */,
				91F9C6F022CA8B54000A5F2F /* Psakse */,
				91034F8023747D1E00AFFFA3 /* Psakse for macOS */,
				91F9C6EF22CA8B54000A5F2F /* Products */,
			);
			sourceTree = "<group>";
		};
		91F9C6EF22CA8B54000A5F2F /* Products */ = {
			isa = PBXGroup;
			children = (
				91F9C6EE22CA8B54000A5F2F /* Psakse.app */,
				91034F7F23747D1E00AFFFA3 /* Psakse for macOS.app */,
			);
			name = Products;
			sourceTree = "<group>";
		};
		91F9C6F022CA8B54000A5F2F /* Psakse */ = {
			isa = PBXGroup;
			children = (
				91F9C6F122CA8B54000A5F2F /* AppDelegate.swift */,
				914F56D422CA8CE90099A5F1 /* GameViewController.swift */,
				914F56D622CA8CE90099A5F1 /* HomeViewController.swift */,
				914F56D322CA8CE90099A5F1 /* SelectViewController.swift */,
				914F56D722CA8CEA0099A5F1 /* UIKitExtensions.swift */,
				914F56D822CA8CEA0099A5F1 /* Grid.swift */,
				914F56F422CA8D990099A5F1 /* Main.storyboard */,
				914F56F622CA8DAC0099A5F1 /* LaunchScreen.storyboard */,
				91F9C6FD22CA8B58000A5F2F /* Info.plist */,
			);
			path = Psakse;
			sourceTree = "<group>";
		};
/* End PBXGroup section */

/* Begin PBXNativeTarget section */
		91034F7E23747D1E00AFFFA3 /* Psakse for macOS */ = {
			isa = PBXNativeTarget;
			buildConfigurationList = 91034F8E23747D1F00AFFFA3 /* Build configuration list for PBXNativeTarget "Psakse for macOS" */;
			buildPhases = (
				91034F7B23747D1E00AFFFA3 /* Sources */,
				91034F7C23747D1E00AFFFA3 /* Frameworks */,
				91034F7D23747D1E00AFFFA3 /* Resources */,
			);
			buildRules = (
			);
			dependencies = (
			);
			name = "Psakse for macOS";
			productName = "Psakse for macOS";
			productReference = 91034F7F23747D1E00AFFFA3 /* Psakse for macOS.app */;
			productType = "com.apple.product-type.application";
		};
		91F9C6ED22CA8B54000A5F2F /* Psakse */ = {
			isa = PBXNativeTarget;
			buildConfigurationList = 91F9C70022CA8B58000A5F2F /* Build configuration list for PBXNativeTarget "Psakse" */;
			buildPhases = (
				91F9C6EA22CA8B54000A5F2F /* Sources */,
				91F9C6EB22CA8B54000A5F2F /* Frameworks */,
				91F9C6EC22CA8B54000A5F2F /* Resources */,
			);
			buildRules = (
			);
			dependencies = (
			);
			name = Psakse;
			productName = Psakse;
			productReference = 91F9C6EE22CA8B54000A5F2F /* Psakse.app */;
			productType = "com.apple.product-type.application";
		};
/* End PBXNativeTarget section */

/* Begin PBXProject section */
		91F9C6E622CA8B54000A5F2F /* Project object */ = {
			isa = PBXProject;
			attributes = {
				LastSwiftUpdateCheck = 1020;
				LastUpgradeCheck = 1020;
				ORGANIZATIONNAME = "Daniel Marriner";
				TargetAttributes = {
					91034F7E23747D1E00AFFFA3 = {
						CreatedOnToolsVersion = 10.2.1;
						LastSwiftMigration = 1020;
						SystemCapabilities = {
							com.apple.Sandbox = {
								enabled = 0;
							};
						};
					};
					91F9C6ED22CA8B54000A5F2F = {
						CreatedOnToolsVersion = 10.2.1;
					};
				};
			};
			buildConfigurationList = 91F9C6E922CA8B54000A5F2F /* Build configuration list for PBXProject "Psakse" */;
			compatibilityVersion = "Xcode 9.3";
			developmentRegion = en;
			hasScannedForEncodings = 0;
			knownRegions = (
				en,
				Base,
			);
			mainGroup = 91F9C6E522CA8B54000A5F2F;
			productRefGroup = 91F9C6EF22CA8B54000A5F2F /* Products */;
			projectDirPath = "";
			projectRoot = "";
			targets = (
				91F9C6ED22CA8B54000A5F2F /* Psakse */,
				91034F7E23747D1E00AFFFA3 /* Psakse for macOS */,
			);
		};
/* End PBXProject section */

/* Begin PBXResourcesBuildPhase section */
		91034F7D23747D1E00AFFFA3 /* Resources */ = {
			isa = PBXResourcesBuildPhase;
			buildActionMask = 2147483647;
			files = (
				91034FBE237483DD00AFFFA3 /* iTunesArtwork@2x.png in Resources */,
				91034FBF237483DD00AFFFA3 /* logo_large_alt.png in Resources */,
				91034FC0237483DD00AFFFA3 /* psi.png in Resources */,
				91034FC1237483DD00AFFFA3 /* a.png in Resources */,
				91034FC2237483DD00AFFFA3 /* xi.png in Resources */,
				91034FC3237483DD00AFFFA3 /* e.png in Resources */,
				91034FC4237483DD00AFFFA3 /* dot.png in Resources */,
				91034FC5237483DD00AFFFA3 /* none.png in Resources */,
				91034FA6237481EB00AFFFA3 /* Main.storyboard in Resources */,
				91034FBD2374833300AFFFA3 /* Assets.xcassets in Resources */,
				91034FA8237481EB00AFFFA3 /* Info.plist in Resources */,
			);
			runOnlyForDeploymentPostprocessing = 0;
		};
		91F9C6EC22CA8B54000A5F2F /* Resources */ = {
			isa = PBXResourcesBuildPhase;
			buildActionMask = 2147483647;
			files = (
				914F56F322CA8D6B0099A5F1 /* psi.png in Resources */,
				914F56EF22CA8D6B0099A5F1 /* logo_large_alt.png in Resources */,
				914F56F122CA8D6B0099A5F1 /* none.png in Resources */,
				914F56F022CA8D6B0099A5F1 /* xi.png in Resources */,
				914F56F222CA8D6B0099A5F1 /* e.png in Resources */,
				914F56EE22CA8D6B0099A5F1 /* a.png in Resources */,
				914F56ED22CA8D6B0099A5F1 /* dot.png in Resources */,
				914F571622CA90130099A5F1 /* iTunesArtwork@2x.png in Resources */,
				914F56F522CA8D990099A5F1 /* Main.storyboard in Resources */,
				914F56F722CA8DAC0099A5F1 /* LaunchScreen.storyboard in Resources */,
				917245E1230C9E2700FAAE4A /* link.txt in Resources */,
				91034FBC2374833300AFFFA3 /* Assets.xcassets in Resources */,
			);
			runOnlyForDeploymentPostprocessing = 0;
		};
/* End PBXResourcesBuildPhase section */

/* Begin PBXSourcesBuildPhase section */
		91034F7B23747D1E00AFFFA3 /* Sources */ = {
			isa = PBXSourcesBuildPhase;
			buildActionMask = 2147483647;
			files = (
				91034FB52374828B00AFFFA3 /* Deck.swift in Sources */,
				91034FB62374828B00AFFFA3 /* Card.swift in Sources */,
				91034FB72374828B00AFFFA3 /* Symbols.swift in Sources */,
				91034FB82374828B00AFFFA3 /* Colors.swift in Sources */,
				91034FB92374828B00AFFFA3 /* Extensions.swift in Sources */,
				91034FBA2374828B00AFFFA3 /* link.txt in Sources */,
				91034FB0237481EB00AFFFA3 /* AppDelegate.swift in Sources */,
				91034FAC237481EB00AFFFA3 /* GameViewController.swift in Sources */,
				91034FB3237481EB00AFFFA3 /* Grid.swift in Sources */,
				91034FAB237481EB00AFFFA3 /* FlippedView.swift in Sources */,
				91034FB2237481EB00AFFFA3 /* AppKitExtensions.swift in Sources */,
				91034FAF237481EB00AFFFA3 /* WindowController.swift in Sources */,
				91034FAA237481EB00AFFFA3 /* SelectViewController.swift in Sources */,
				91034FB4237481EB00AFFFA3 /* HomeViewController.swift in Sources */,
			);
			runOnlyForDeploymentPostprocessing = 0;
		};
		91F9C6EA22CA8B54000A5F2F /* Sources */ = {
			isa = PBXSourcesBuildPhase;
			buildActionMask = 2147483647;
			files = (
				914F56DE22CA8CEA0099A5F1 /* Deck.swift in Sources */,
				914F56E022CA8CEA0099A5F1 /* UIKitExtensions.swift in Sources */,
				914F56DC22CA8CEA0099A5F1 /* SelectViewController.swift in Sources */,
				914F56E122CA8CEA0099A5F1 /* Grid.swift in Sources */,
				914F56DF22CA8CEA0099A5F1 /* HomeViewController.swift in Sources */,
				914F56DB22CA8CEA0099A5F1 /* Symbols.swift in Sources */,
				91034F9523747F7900AFFFA3 /* Extensions.swift in Sources */,
				914F56DA22CA8CEA0099A5F1 /* Colors.swift in Sources */,
				914F56DD22CA8CEA0099A5F1 /* GameViewController.swift in Sources */,
				91F9C6F222CA8B54000A5F2F /* AppDelegate.swift in Sources */,
				914F56E222CA8CEA0099A5F1 /* Card.swift in Sources */,
			);
			runOnlyForDeploymentPostprocessing = 0;
		};
/* End PBXSourcesBuildPhase section */

/* Begin XCBuildConfiguration section */
		91034F8C23747D1F00AFFFA3 /* Debug */ = {
			isa = XCBuildConfiguration;
			buildSettings = {
				ASSETCATALOG_COMPILER_APPICON_NAME = AppIcon;
				CLANG_ENABLE_MODULES = YES;
				CODE_SIGN_IDENTITY = "Mac Developer";
				CODE_SIGN_STYLE = Automatic;
				COMBINE_HIDPI_IMAGES = YES;
				DEVELOPMENT_TEAM = SDPTWQFVDC;
				INFOPLIST_FILE = "Psakse for macOS/Info.plist";
				LD_RUNPATH_SEARCH_PATHS = (
					"$(inherited)",
					"@executable_path/../Frameworks",
				);
				MACOSX_DEPLOYMENT_TARGET = 10.14;
				PRODUCT_BUNDLE_IDENTIFIER = "anachronistic-tech.Psakse-for-macOS";
				PRODUCT_NAME = "$(TARGET_NAME)";
				SDKROOT = macosx;
				SWIFT_OPTIMIZATION_LEVEL = "-Onone";
				SWIFT_VERSION = 5.0;
			};
			name = Debug;
		};
		91034F8D23747D1F00AFFFA3 /* Release */ = {
			isa = XCBuildConfiguration;
			buildSettings = {
				ASSETCATALOG_COMPILER_APPICON_NAME = AppIcon;
				CLANG_ENABLE_MODULES = YES;
				CODE_SIGN_IDENTITY = "Mac Developer";
				CODE_SIGN_STYLE = Automatic;
				COMBINE_HIDPI_IMAGES = YES;
				DEVELOPMENT_TEAM = SDPTWQFVDC;
				INFOPLIST_FILE = "Psakse for macOS/Info.plist";
				LD_RUNPATH_SEARCH_PATHS = (
					"$(inherited)",
					"@executable_path/../Frameworks",
				);
				MACOSX_DEPLOYMENT_TARGET = 10.14;
				PRODUCT_BUNDLE_IDENTIFIER = "anachronistic-tech.Psakse-for-macOS";
				PRODUCT_NAME = "$(TARGET_NAME)";
				SDKROOT = macosx;
				SWIFT_VERSION = 5.0;
			};
			name = Release;
		};
		91F9C6FE22CA8B58000A5F2F /* Debug */ = {
			isa = XCBuildConfiguration;
			buildSettings = {
				ALWAYS_SEARCH_USER_PATHS = NO;
				CLANG_ANALYZER_NONNULL = YES;
				CLANG_ANALYZER_NUMBER_OBJECT_CONVERSION = YES_AGGRESSIVE;
				CLANG_CXX_LANGUAGE_STANDARD = "gnu++14";
				CLANG_CXX_LIBRARY = "libc++";
				CLANG_ENABLE_MODULES = YES;
				CLANG_ENABLE_OBJC_ARC = YES;
				CLANG_ENABLE_OBJC_WEAK = YES;
				CLANG_WARN_BLOCK_CAPTURE_AUTORELEASING = YES;
				CLANG_WARN_BOOL_CONVERSION = YES;
				CLANG_WARN_COMMA = YES;
				CLANG_WARN_CONSTANT_CONVERSION = YES;
				CLANG_WARN_DEPRECATED_OBJC_IMPLEMENTATIONS = YES;
				CLANG_WARN_DIRECT_OBJC_ISA_USAGE = YES_ERROR;
				CLANG_WARN_DOCUMENTATION_COMMENTS = YES;
				CLANG_WARN_EMPTY_BODY = YES;
				CLANG_WARN_ENUM_CONVERSION = YES;
				CLANG_WARN_INFINITE_RECURSION = YES;
				CLANG_WARN_INT_CONVERSION = YES;
				CLANG_WARN_NON_LITERAL_NULL_CONVERSION = YES;
				CLANG_WARN_OBJC_IMPLICIT_RETAIN_SELF = YES;
				CLANG_WARN_OBJC_LITERAL_CONVERSION = YES;
				CLANG_WARN_OBJC_ROOT_CLASS = YES_ERROR;
				CLANG_WARN_RANGE_LOOP_ANALYSIS = YES;
				CLANG_WARN_STRICT_PROTOTYPES = YES;
				CLANG_WARN_SUSPICIOUS_MOVE = YES;
				CLANG_WARN_UNGUARDED_AVAILABILITY = YES_AGGRESSIVE;
				CLANG_WARN_UNREACHABLE_CODE = YES;
				CLANG_WARN__DUPLICATE_METHOD_MATCH = YES;
				CODE_SIGN_IDENTITY = "iPhone Developer";
				COPY_PHASE_STRIP = NO;
				DEBUG_INFORMATION_FORMAT = dwarf;
				ENABLE_STRICT_OBJC_MSGSEND = YES;
				ENABLE_TESTABILITY = YES;
				GCC_C_LANGUAGE_STANDARD = gnu11;
				GCC_DYNAMIC_NO_PIC = NO;
				GCC_NO_COMMON_BLOCKS = YES;
				GCC_OPTIMIZATION_LEVEL = 0;
				GCC_PREPROCESSOR_DEFINITIONS = (
					"DEBUG=1",
					"$(inherited)",
				);
				GCC_WARN_64_TO_32_BIT_CONVERSION = YES;
				GCC_WARN_ABOUT_RETURN_TYPE = YES_ERROR;
				GCC_WARN_UNDECLARED_SELECTOR = YES;
				GCC_WARN_UNINITIALIZED_AUTOS = YES_AGGRESSIVE;
				GCC_WARN_UNUSED_FUNCTION = YES;
				GCC_WARN_UNUSED_VARIABLE = YES;
				IPHONEOS_DEPLOYMENT_TARGET = 12.2;
				MTL_ENABLE_DEBUG_INFO = INCLUDE_SOURCE;
				MTL_FAST_MATH = YES;
				ONLY_ACTIVE_ARCH = YES;
				SDKROOT = iphoneos;
				SWIFT_ACTIVE_COMPILATION_CONDITIONS = DEBUG;
				SWIFT_OPTIMIZATION_LEVEL = "-Onone";
			};
			name = Debug;
		};
		91F9C6FF22CA8B58000A5F2F /* Release */ = {
			isa = XCBuildConfiguration;
			buildSettings = {
				ALWAYS_SEARCH_USER_PATHS = NO;
				CLANG_ANALYZER_NONNULL = YES;
				CLANG_ANALYZER_NUMBER_OBJECT_CONVERSION = YES_AGGRESSIVE;
				CLANG_CXX_LANGUAGE_STANDARD = "gnu++14";
				CLANG_CXX_LIBRARY = "libc++";
				CLANG_ENABLE_MODULES = YES;
				CLANG_ENABLE_OBJC_ARC = YES;
				CLANG_ENABLE_OBJC_WEAK = YES;
				CLANG_WARN_BLOCK_CAPTURE_AUTORELEASING = YES;
				CLANG_WARN_BOOL_CONVERSION = YES;
				CLANG_WARN_COMMA = YES;
				CLANG_WARN_CONSTANT_CONVERSION = YES;
				CLANG_WARN_DEPRECATED_OBJC_IMPLEMENTATIONS = YES;
				CLANG_WARN_DIRECT_OBJC_ISA_USAGE = YES_ERROR;
				CLANG_WARN_DOCUMENTATION_COMMENTS = YES;
				CLANG_WARN_EMPTY_BODY = YES;
				CLANG_WARN_ENUM_CONVERSION = YES;
				CLANG_WARN_INFINITE_RECURSION = YES;
				CLANG_WARN_INT_CONVERSION = YES;
				CLANG_WARN_NON_LITERAL_NULL_CONVERSION = YES;
				CLANG_WARN_OBJC_IMPLICIT_RETAIN_SELF = YES;
				CLANG_WARN_OBJC_LITERAL_CONVERSION = YES;
				CLANG_WARN_OBJC_ROOT_CLASS = YES_ERROR;
				CLANG_WARN_RANGE_LOOP_ANALYSIS = YES;
				CLANG_WARN_STRICT_PROTOTYPES = YES;
				CLANG_WARN_SUSPICIOUS_MOVE = YES;
				CLANG_WARN_UNGUARDED_AVAILABILITY = YES_AGGRESSIVE;
				CLANG_WARN_UNREACHABLE_CODE = YES;
				CLANG_WARN__DUPLICATE_METHOD_MATCH = YES;
				CODE_SIGN_IDENTITY = "iPhone Developer";
				COPY_PHASE_STRIP = NO;
				DEBUG_INFORMATION_FORMAT = "dwarf-with-dsym";
				ENABLE_NS_ASSERTIONS = NO;
				ENABLE_STRICT_OBJC_MSGSEND = YES;
				GCC_C_LANGUAGE_STANDARD = gnu11;
				GCC_NO_COMMON_BLOCKS = YES;
				GCC_WARN_64_TO_32_BIT_CONVERSION = YES;
				GCC_WARN_ABOUT_RETURN_TYPE = YES_ERROR;
				GCC_WARN_UNDECLARED_SELECTOR = YES;
				GCC_WARN_UNINITIALIZED_AUTOS = YES_AGGRESSIVE;
				GCC_WARN_UNUSED_FUNCTION = YES;
				GCC_WARN_UNUSED_VARIABLE = YES;
				IPHONEOS_DEPLOYMENT_TARGET = 12.2;
				MTL_ENABLE_DEBUG_INFO = NO;
				MTL_FAST_MATH = YES;
				SDKROOT = iphoneos;
				SWIFT_COMPILATION_MODE = wholemodule;
				SWIFT_OPTIMIZATION_LEVEL = "-O";
				VALIDATE_PRODUCT = YES;
			};
			name = Release;
		};
		91F9C70122CA8B58000A5F2F /* Debug */ = {
			isa = XCBuildConfiguration;
			buildSettings = {
				ASSETCATALOG_COMPILER_APPICON_NAME = AppIcon;
				CODE_SIGN_STYLE = Automatic;
				DEVELOPMENT_TEAM = SDPTWQFVDC;
				INFOPLIST_FILE = Psakse/Info.plist;
				IPHONEOS_DEPLOYMENT_TARGET = 10.0;
				LD_RUNPATH_SEARCH_PATHS = (
					"$(inherited)",
					"@executable_path/Frameworks",
				);
				PRODUCT_BUNDLE_IDENTIFIER = "anachronistic-tech.Psakse";
				PRODUCT_NAME = "$(TARGET_NAME)";
				SWIFT_VERSION = 5.0;
				TARGETED_DEVICE_FAMILY = 1;
			};
			name = Debug;
		};
		91F9C70222CA8B58000A5F2F /* Release */ = {
			isa = XCBuildConfiguration;
			buildSettings = {
				ASSETCATALOG_COMPILER_APPICON_NAME = AppIcon;
				CODE_SIGN_STYLE = Automatic;
				DEVELOPMENT_TEAM = SDPTWQFVDC;
				INFOPLIST_FILE = Psakse/Info.plist;
				IPHONEOS_DEPLOYMENT_TARGET = 10.0;
				LD_RUNPATH_SEARCH_PATHS = (
					"$(inherited)",
					"@executable_path/Frameworks",
				);
				PRODUCT_BUNDLE_IDENTIFIER = "anachronistic-tech.Psakse";
				PRODUCT_NAME = "$(TARGET_NAME)";
				SWIFT_VERSION = 5.0;
				TARGETED_DEVICE_FAMILY = 1;
			};
			name = Release;
		};
/* End XCBuildConfiguration section */

/* Begin XCConfigurationList section */
		91034F8E23747D1F00AFFFA3 /* Build configuration list for PBXNativeTarget "Psakse for macOS" */ = {
			isa = XCConfigurationList;
			buildConfigurations = (
				91034F8C23747D1F00AFFFA3 /* Debug */,
				91034F8D23747D1F00AFFFA3 /* Release */,
			);
			defaultConfigurationIsVisible = 0;
			defaultConfigurationName = Release;
		};
		91F9C6E922CA8B54000A5F2F /* Build configuration list for PBXProject "Psakse" */ = {
			isa = XCConfigurationList;
			buildConfigurations = (
				91F9C6FE22CA8B58000A5F2F /* Debug */,
				91F9C6FF22CA8B58000A5F2F /* Release */,
			);
			defaultConfigurationIsVisible = 0;
			defaultConfigurationName = Release;
		};
		91F9C70022CA8B58000A5F2F /* Build configuration list for PBXNativeTarget "Psakse" */ = {
			isa = XCConfigurationList;
			buildConfigurations = (
				91F9C70122CA8B58000A5F2F /* Debug */,
				91F9C70222CA8B58000A5F2F /* Release */,
			);
			defaultConfigurationIsVisible = 0;
			defaultConfigurationName = Release;
		};
/* End XCConfigurationList section */
	};
	rootObject = 91F9C6E622CA8B54000A5F2F /* Project object */;
}
